# This file is autogenerated, do not edit; changes may be undone by the next 'dep ensure'.


[[projects]]
  digest = "1:57a3a1a670ce37b515041600a223f8374de8011d707ce97c54e5faa618ff5115"
  name = "github.com/fromkeith/gorest"
  packages = ["."]
  pruneopts = "UT"
  revision = "ac697b48f78c159967bca60b3ca2e5ed61508485"
  version = "v0.1"

[solve-meta]
  analyzer-name = "dep"
  analyzer-version = 1
  input-imports = ["github.com/fromkeith/gorest"]
  solver-name = "gps-cdcl"
  solver-version = 1
